// !$*UTF8*$!
{
	archiveVersion = 1;
	classes = {
	};
	objectVersion = 46;
	objects = {

/* Begin PBXBuildFile section */
		A97429AD1A68C81C00732735 /* main.m in Sources */ = {isa = PBXBuildFile; fileRef = A97429AC1A68C81C00732735 /* main.m */; };
		A97429B01A68C81C00732735 /* AppDelegate.m in Sources */ = {isa = PBXBuildFile; fileRef = A97429AF1A68C81C00732735 /* AppDelegate.m */; };
		A97429B31A68C81C00732735 /* ViewController.m in Sources */ = {isa = PBXBuildFile; fileRef = A97429B21A68C81C00732735 /* ViewController.m */; };
		A97429B61A68C81C00732735 /* Main.storyboard in Resources */ = {isa = PBXBuildFile; fileRef = A97429B41A68C81C00732735 /* Main.storyboard */; };
		A97429B81A68C81C00732735 /* Images.xcassets in Resources */ = {isa = PBXBuildFile; fileRef = A97429B71A68C81C00732735 /* Images.xcassets */; };
		A97429BB1A68C81C00732735 /* LaunchScreen.xib in Resources */ = {isa = PBXBuildFile; fileRef = A97429B91A68C81C00732735 /* LaunchScreen.xib */; };
		A97429C71A68C81C00732735 /* ASHMessageTableViewDemoTests.m in Sources */ = {isa = PBXBuildFile; fileRef = A97429C61A68C81C00732735 /* ASHMessageTableViewDemoTests.m */; };
		A9B965551A6D307B0017F9F2 /* MessageTableView.m in Sources */ = {isa = PBXBuildFile; fileRef = A9B965541A6D307B0017F9F2 /* MessageTableView.m */; };
		A9B965A61A6D35300017F9F2 /* NSString+DocumentPath.m in Sources */ = {isa = PBXBuildFile; fileRef = A9B965961A6D35300017F9F2 /* NSString+DocumentPath.m */; };
		A9B965A71A6D35300017F9F2 /* UIImage+StrethImage.m in Sources */ = {isa = PBXBuildFile; fileRef = A9B965981A6D35300017F9F2 /* UIImage+StrethImage.m */; };
		A9B965A81A6D35300017F9F2 /* ChartCell.m in Sources */ = {isa = PBXBuildFile; fileRef = A9B9659B1A6D35300017F9F2 /* ChartCell.m */; };
		A9B965A91A6D35300017F9F2 /* ChartCellFrame.m in Sources */ = {isa = PBXBuildFile; fileRef = A9B9659D1A6D35300017F9F2 /* ChartCellFrame.m */; };
		A9B965AA1A6D35300017F9F2 /* ChartMessage.m in Sources */ = {isa = PBXBuildFile; fileRef = A9B965A01A6D35300017F9F2 /* ChartMessage.m */; };
		A9B965AB1A6D35300017F9F2 /* ChartContentView.m in Sources */ = {isa = PBXBuildFile; fileRef = A9B965A31A6D35300017F9F2 /* ChartContentView.m */; };
		A9B965AC1A6D35300017F9F2 /* KeyBordVIew.m in Sources */ = {isa = PBXBuildFile; fileRef = A9B965A51A6D35300017F9F2 /* KeyBordVIew.m */; };
		A9B965C01A6D35820017F9F2 /* chat_bg_default.jpg in Resources */ = {isa = PBXBuildFile; fileRef = A9B965AE1A6D35820017F9F2 /* chat_bg_default.jpg */; };
		A9B965C11A6D35820017F9F2 /* chat_bottom_keyboard_nor.png in Resources */ = {isa = PBXBuildFile; fileRef = A9B965AF1A6D35820017F9F2 /* chat_bottom_keyboard_nor.png */; };
		A9B965C21A6D35820017F9F2 /* chat_bottom_keyboard_press.png in Resources */ = {isa = PBXBuildFile; fileRef = A9B965B01A6D35820017F9F2 /* chat_bottom_keyboard_press.png */; };
		A9B965C31A6D35820017F9F2 /* chat_bottom_smile_nor.png in Resources */ = {isa = PBXBuildFile; fileRef = A9B965B11A6D35820017F9F2 /* chat_bottom_smile_nor.png */; };
		A9B965C41A6D35820017F9F2 /* chat_bottom_smile_press.png in Resources */ = {isa = PBXBuildFile; fileRef = A9B965B21A6D35820017F9F2 /* chat_bottom_smile_press.png */; };
		A9B965C51A6D35820017F9F2 /* chat_bottom_textfield.png in Resources */ = {isa = PBXBuildFile; fileRef = A9B965B31A6D35820017F9F2 /* chat_bottom_textfield.png */; };
		A9B965C61A6D35820017F9F2 /* chat_bottom_up_nor.png in Resources */ = {isa = PBXBuildFile; fileRef = A9B965B41A6D35820017F9F2 /* chat_bottom_up_nor.png */; };
		A9B965C71A6D35820017F9F2 /* chat_bottom_up_press.png in Resources */ = {isa = PBXBuildFile; fileRef = A9B965B51A6D35820017F9F2 /* chat_bottom_up_press.png */; };
		A9B965C81A6D35820017F9F2 /* chat_bottom_voice_nor.png in Resources */ = {isa = PBXBuildFile; fileRef = A9B965B61A6D35820017F9F2 /* chat_bottom_voice_nor.png */; };
		A9B965C91A6D35820017F9F2 /* chat_bottom_voice_press.png in Resources */ = {isa = PBXBuildFile; fileRef = A9B965B71A6D35820017F9F2 /* chat_bottom_voice_press.png */; };
		A9B965CA1A6D35820017F9F2 /* chatfrom_bg_focused.png in Resources */ = {isa = PBXBuildFile; fileRef = A9B965B81A6D35820017F9F2 /* chatfrom_bg_focused.png */; };
		A9B965CB1A6D35820017F9F2 /* chatfrom_bg_normal.png in Resources */ = {isa = PBXBuildFile; fileRef = A9B965B91A6D35820017F9F2 /* chatfrom_bg_normal.png */; };
		A9B965CC1A6D35820017F9F2 /* chatto_bg_focused.png in Resources */ = {isa = PBXBuildFile; fileRef = A9B965BA1A6D35820017F9F2 /* chatto_bg_focused.png */; };
		A9B965CD1A6D35820017F9F2 /* chatto_bg_normal.png in Resources */ = {isa = PBXBuildFile; fileRef = A9B965BB1A6D35820017F9F2 /* chatto_bg_normal.png */; };
		A9B965CE1A6D35820017F9F2 /* icon01.jpg in Resources */ = {isa = PBXBuildFile; fileRef = A9B965BC1A6D35820017F9F2 /* icon01.jpg */; };
		A9B965CF1A6D35820017F9F2 /* icon02.jpg in Resources */ = {isa = PBXBuildFile; fileRef = A9B965BD1A6D35820017F9F2 /* icon02.jpg */; };
		A9B965D01A6D35820017F9F2 /* toolbar_bottom_bar.png in Resources */ = {isa = PBXBuildFile; fileRef = A9B965BE1A6D35820017F9F2 /* toolbar_bottom_bar.png */; };
		A9B965D11A6D35820017F9F2 /* messages.plist in Resources */ = {isa = PBXBuildFile; fileRef = A9B965BF1A6D35820017F9F2 /* messages.plist */; };
/* End PBXBuildFile section */

/* Begin PBXContainerItemProxy section */
		A97429C11A68C81C00732735 /* PBXContainerItemProxy */ = {
			isa = PBXContainerItemProxy;
			containerPortal = A974299F1A68C81B00732735 /* Project object */;
			proxyType = 1;
			remoteGlobalIDString = A97429A61A68C81C00732735;
			remoteInfo = ASHMessageTableViewDemo;
		};
/* End PBXContainerItemProxy section */

/* Begin PBXFileReference section */
		A97429A71A68C81C00732735 /* ASHMessageTableViewDemo.app */ = {isa = PBXFileReference; explicitFileType = wrapper.application; includeInIndex = 0; path = ASHMessageTableViewDemo.app; sourceTree = BUILT_PRODUCTS_DIR; };
		A97429AB1A68C81C00732735 /* Info.plist */ = {isa = PBXFileReference; lastKnownFileType = text.plist.xml; path = Info.plist; sourceTree = "<group>"; };
		A97429AC1A68C81C00732735 /* main.m */ = {isa = PBXFileReference; lastKnownFileType = sourcecode.c.objc; path = main.m; sourceTree = "<group>"; };
		A97429AE1A68C81C00732735 /* AppDelegate.h */ = {isa = PBXFileReference; lastKnownFileType = sourcecode.c.h; path = AppDelegate.h; sourceTree = "<group>"; };
		A97429AF1A68C81C00732735 /* AppDelegate.m */ = {isa = PBXFileReference; lastKnownFileType = sourcecode.c.objc; path = AppDelegate.m; sourceTree = "<group>"; };
		A97429B11A68C81C00732735 /* ViewController.h */ = {isa = PBXFileReference; lastKnownFileType = sourcecode.c.h; path = ViewController.h; sourceTree = "<group>"; };
		A97429B21A68C81C00732735 /* ViewController.m */ = {isa = PBXFileReference; lastKnownFileType = sourcecode.c.objc; path = ViewController.m; sourceTree = "<group>"; };
		A97429B51A68C81C00732735 /* Base */ = {isa = PBXFileReference; lastKnownFileType = file.storyboard; name = Base; path = Base.lproj/Main.storyboard; sourceTree = "<group>"; };
		A97429B71A68C81C00732735 /* Images.xcassets */ = {isa = PBXFileReference; lastKnownFileType = folder.assetcatalog; path = Images.xcassets; sourceTree = "<group>"; };
		A97429BA1A68C81C00732735 /* Base */ = {isa = PBXFileReference; lastKnownFileType = file.xib; name = Base; path = Base.lproj/LaunchScreen.xib; sourceTree = "<group>"; };
		A97429C01A68C81C00732735 /* ASHMessageTableViewDemoTests.xctest */ = {isa = PBXFileReference; explicitFileType = wrapper.cfbundle; includeInIndex = 0; path = ASHMessageTableViewDemoTests.xctest; sourceTree = BUILT_PRODUCTS_DIR; };
		A97429C51A68C81C00732735 /* Info.plist */ = {isa = PBXFileReference; lastKnownFileType = text.plist.xml; path = Info.plist; sourceTree = "<group>"; };
		A97429C61A68C81C00732735 /* ASHMessageTableViewDemoTests.m */ = {isa = PBXFileReference; lastKnownFileType = sourcecode.c.objc; path = ASHMessageTableViewDemoTests.m; sourceTree = "<group>"; };
		A9B965531A6D307B0017F9F2 /* MessageTableView.h */ = {isa = PBXFileReference; fileEncoding = 4; lastKnownFileType = sourcecode.c.h; path = MessageTableView.h; sourceTree = "<group>"; };
		A9B965541A6D307B0017F9F2 /* MessageTableView.m */ = {isa = PBXFileReference; fileEncoding = 4; lastKnownFileType = sourcecode.c.objc; path = MessageTableView.m; sourceTree = "<group>"; };
		A9B965951A6D35300017F9F2 /* NSString+DocumentPath.h */ = {isa = PBXFileReference; fileEncoding = 4; lastKnownFileType = sourcecode.c.h; path = "NSString+DocumentPath.h"; sourceTree = "<group>"; };
		A9B965961A6D35300017F9F2 /* NSString+DocumentPath.m */ = {isa = PBXFileReference; fileEncoding = 4; lastKnownFileType = sourcecode.c.objc; path = "NSString+DocumentPath.m"; sourceTree = "<group>"; };
		A9B965971A6D35300017F9F2 /* UIImage+StrethImage.h */ = {isa = PBXFileReference; fileEncoding = 4; lastKnownFileType = sourcecode.c.h; path = "UIImage+StrethImage.h"; sourceTree = "<group>"; };
		A9B965981A6D35300017F9F2 /* UIImage+StrethImage.m */ = {isa = PBXFileReference; fileEncoding = 4; lastKnownFileType = sourcecode.c.objc; path = "UIImage+StrethImage.m"; sourceTree = "<group>"; };
		A9B9659A1A6D35300017F9F2 /* ChartCell.h */ = {isa = PBXFileReference; fileEncoding = 4; lastKnownFileType = sourcecode.c.h; path = ChartCell.h; sourceTree = "<group>"; };
		A9B9659B1A6D35300017F9F2 /* ChartCell.m */ = {isa = PBXFileReference; fileEncoding = 4; lastKnownFileType = sourcecode.c.objc; path = ChartCell.m; sourceTree = "<group>"; };
		A9B9659C1A6D35300017F9F2 /* ChartCellFrame.h */ = {isa = PBXFileReference; fileEncoding = 4; lastKnownFileType = sourcecode.c.h; path = ChartCellFrame.h; sourceTree = "<group>"; };
		A9B9659D1A6D35300017F9F2 /* ChartCellFrame.m */ = {isa = PBXFileReference; fileEncoding = 4; lastKnownFileType = sourcecode.c.objc; path = ChartCellFrame.m; sourceTree = "<group>"; };
		A9B9659F1A6D35300017F9F2 /* ChartMessage.h */ = {isa = PBXFileReference; fileEncoding = 4; lastKnownFileType = sourcecode.c.h; path = ChartMessage.h; sourceTree = "<group>"; };
		A9B965A01A6D35300017F9F2 /* ChartMessage.m */ = {isa = PBXFileReference; fileEncoding = 4; lastKnownFileType = sourcecode.c.objc; path = ChartMessage.m; sourceTree = "<group>"; };
		A9B965A21A6D35300017F9F2 /* ChartContentView.h */ = {isa = PBXFileReference; fileEncoding = 4; lastKnownFileType = sourcecode.c.h; path = ChartContentView.h; sourceTree = "<group>"; };
		A9B965A31A6D35300017F9F2 /* ChartContentView.m */ = {isa = PBXFileReference; fileEncoding = 4; lastKnownFileType = sourcecode.c.objc; path = ChartContentView.m; sourceTree = "<group>"; };
		A9B965A41A6D35300017F9F2 /* KeyBordVIew.h */ = {isa = PBXFileReference; fileEncoding = 4; lastKnownFileType = sourcecode.c.h; path = KeyBordVIew.h; sourceTree = "<group>"; };
		A9B965A51A6D35300017F9F2 /* KeyBordVIew.m */ = {isa = PBXFileReference; fileEncoding = 4; lastKnownFileType = sourcecode.c.objc; path = KeyBordVIew.m; sourceTree = "<group>"; };
		A9B965AE1A6D35820017F9F2 /* chat_bg_default.jpg */ = {isa = PBXFileReference; lastKnownFileType = image.jpeg; path = chat_bg_default.jpg; sourceTree = "<group>"; };
		A9B965AF1A6D35820017F9F2 /* chat_bottom_keyboard_nor.png */ = {isa = PBXFileReference; lastKnownFileType = image.png; path = chat_bottom_keyboard_nor.png; sourceTree = "<group>"; };
		A9B965B01A6D35820017F9F2 /* chat_bottom_keyboard_press.png */ = {isa = PBXFileReference; lastKnownFileType = image.png; path = chat_bottom_keyboard_press.png; sourceTree = "<group>"; };
		A9B965B11A6D35820017F9F2 /* chat_bottom_smile_nor.png */ = {isa = PBXFileReference; lastKnownFileType = image.png; path = chat_bottom_smile_nor.png; sourceTree = "<group>"; };
		A9B965B21A6D35820017F9F2 /* chat_bottom_smile_press.png */ = {isa = PBXFileReference; lastKnownFileType = image.png; path = chat_bottom_smile_press.png; sourceTree = "<group>"; };
		A9B965B31A6D35820017F9F2 /* chat_bottom_textfield.png */ = {isa = PBXFileReference; lastKnownFileType = image.png; path = chat_bottom_textfield.png; sourceTree = "<group>"; };
		A9B965B41A6D35820017F9F2 /* chat_bottom_up_nor.png */ = {isa = PBXFileReference; lastKnownFileType = image.png; path = chat_bottom_up_nor.png; sourceTree = "<group>"; };
		A9B965B51A6D35820017F9F2 /* chat_bottom_up_press.png */ = {isa = PBXFileReference; lastKnownFileType = image.png; path = chat_bottom_up_press.png; sourceTree = "<group>"; };
		A9B965B61A6D35820017F9F2 /* chat_bottom_voice_nor.png */ = {isa = PBXFileReference; lastKnownFileType = image.png; path = chat_bottom_voice_nor.png; sourceTree = "<group>"; };
		A9B965B71A6D35820017F9F2 /* chat_bottom_voice_press.png */ = {isa = PBXFileReference; lastKnownFileType = image.png; path = chat_bottom_voice_press.png; sourceTree = "<group>"; };
		A9B965B81A6D35820017F9F2 /* chatfrom_bg_focused.png */ = {isa = PBXFileReference; lastKnownFileType = image.png; path = chatfrom_bg_focused.png; sourceTree = "<group>"; };
		A9B965B91A6D35820017F9F2 /* chatfrom_bg_normal.png */ = {isa = PBXFileReference; lastKnownFileType = image.png; path = chatfrom_bg_normal.png; sourceTree = "<group>"; };
		A9B965BA1A6D35820017F9F2 /* chatto_bg_focused.png */ = {isa = PBXFileReference; lastKnownFileType = image.png; path = chatto_bg_focused.png; sourceTree = "<group>"; };
		A9B965BB1A6D35820017F9F2 /* chatto_bg_normal.png */ = {isa = PBXFileReference; lastKnownFileType = image.png; path = chatto_bg_normal.png; sourceTree = "<group>"; };
		A9B965BC1A6D35820017F9F2 /* icon01.jpg */ = {isa = PBXFileReference; lastKnownFileType = image.jpeg; path = icon01.jpg; sourceTree = "<group>"; };
		A9B965BD1A6D35820017F9F2 /* icon02.jpg */ = {isa = PBXFileReference; lastKnownFileType = image.jpeg; path = icon02.jpg; sourceTree = "<group>"; };
		A9B965BE1A6D35820017F9F2 /* toolbar_bottom_bar.png */ = {isa = PBXFileReference; lastKnownFileType = image.png; path = toolbar_bottom_bar.png; sourceTree = "<group>"; };
		A9B965BF1A6D35820017F9F2 /* messages.plist */ = {isa = PBXFileReference; fileEncoding = 4; lastKnownFileType = text.plist.xml; path = messages.plist; sourceTree = "<group>"; };
		A9B965D21A6D358B0017F9F2 /* ASHMessageTableViewDemo-Prefix.pch */ = {isa = PBXFileReference; lastKnownFileType = sourcecode.c.h; path = "ASHMessageTableViewDemo-Prefix.pch"; sourceTree = "<group>"; };
/* End PBXFileReference section */

/* Begin PBXFrameworksBuildPhase section */
		A97429A41A68C81C00732735 /* Frameworks */ = {
			isa = PBXFrameworksBuildPhase;
			buildActionMask = 2147483647;
			files = (
			);
			runOnlyForDeploymentPostprocessing = 0;
		};
		A97429BD1A68C81C00732735 /* Frameworks */ = {
			isa = PBXFrameworksBuildPhase;
			buildActionMask = 2147483647;
			files = (
			);
			runOnlyForDeploymentPostprocessing = 0;
		};
/* End PBXFrameworksBuildPhase section */

/* Begin PBXGroup section */
		A974299E1A68C81B00732735 = {
			isa = PBXGroup;
			children = (
				A97429A91A68C81C00732735 /* ASHMessageTableViewDemo */,
				A97429C31A68C81C00732735 /* ASHMessageTableViewDemoTests */,
				A97429A81A68C81C00732735 /* Products */,
			);
			sourceTree = "<group>";
		};
		A97429A81A68C81C00732735 /* Products */ = {
			isa = PBXGroup;
			children = (
				A97429A71A68C81C00732735 /* ASHMessageTableViewDemo.app */,
				A97429C01A68C81C00732735 /* ASHMessageTableViewDemoTests.xctest */,
			);
			name = Products;
			sourceTree = "<group>";
		};
		A97429A91A68C81C00732735 /* ASHMessageTableViewDemo */ = {
			isa = PBXGroup;
			children = (
				A9B965941A6D35300017F9F2 /* category */,
				A9B965991A6D35300017F9F2 /* cell */,
				A9B9659E1A6D35300017F9F2 /* model */,
				A9B965A11A6D35300017F9F2 /* view */,
				A97429AE1A68C81C00732735 /* AppDelegate.h */,
				A97429AF1A68C81C00732735 /* AppDelegate.m */,
				A97429B11A68C81C00732735 /* ViewController.h */,
				A97429B21A68C81C00732735 /* ViewController.m */,
				A97429B41A68C81C00732735 /* Main.storyboard */,
				A97429B71A68C81C00732735 /* Images.xcassets */,
				A97429B91A68C81C00732735 /* LaunchScreen.xib */,
				A97429AA1A68C81C00732735 /* Supporting Files */,
				A9B965531A6D307B0017F9F2 /* MessageTableView.h */,
				A9B965541A6D307B0017F9F2 /* MessageTableView.m */,
			);
			path = ASHMessageTableViewDemo;
			sourceTree = "<group>";
		};
		A97429AA1A68C81C00732735 /* Supporting Files */ = {
			isa = PBXGroup;
			children = (
				A9B965D21A6D358B0017F9F2 /* ASHMessageTableViewDemo-Prefix.pch */,
				A9B965AD1A6D35820017F9F2 /* images */,
				A9B965BF1A6D35820017F9F2 /* messages.plist */,
				A97429AB1A68C81C00732735 /* Info.plist */,
				A97429AC1A68C81C00732735 /* main.m */,
			);
			name = "Supporting Files";
			sourceTree = "<group>";
		};
		A97429C31A68C81C00732735 /* ASHMessageTableViewDemoTests */ = {
			isa = PBXGroup;
			children = (
				A97429C61A68C81C00732735 /* ASHMessageTableViewDemoTests.m */,
				A97429C41A68C81C00732735 /* Supporting Files */,
			);
			path = ASHMessageTableViewDemoTests;
			sourceTree = "<group>";
		};
		A97429C41A68C81C00732735 /* Supporting Files */ = {
			isa = PBXGroup;
			children = (
				A97429C51A68C81C00732735 /* Info.plist */,
			);
			name = "Supporting Files";
			sourceTree = "<group>";
		};
		A9B965941A6D35300017F9F2 /* category */ = {
			isa = PBXGroup;
			children = (
				A9B965951A6D35300017F9F2 /* NSString+DocumentPath.h */,
				A9B965961A6D35300017F9F2 /* NSString+DocumentPath.m */,
				A9B965971A6D35300017F9F2 /* UIImage+StrethImage.h */,
				A9B965981A6D35300017F9F2 /* UIImage+StrethImage.m */,
			);
			path = category;
			sourceTree = "<group>";
		};
		A9B965991A6D35300017F9F2 /* cell */ = {
			isa = PBXGroup;
			children = (
				A9B9659A1A6D35300017F9F2 /* ChartCell.h */,
				A9B9659B1A6D35300017F9F2 /* ChartCell.m */,
				A9B9659C1A6D35300017F9F2 /* ChartCellFrame.h */,
				A9B9659D1A6D35300017F9F2 /* ChartCellFrame.m */,
			);
			path = cell;
			sourceTree = "<group>";
		};
		A9B9659E1A6D35300017F9F2 /* model */ = {
			isa = PBXGroup;
			children = (
				A9B9659F1A6D35300017F9F2 /* ChartMessage.h */,
				A9B965A01A6D35300017F9F2 /* ChartMessage.m */,
			);
			path = model;
			sourceTree = "<group>";
		};
		A9B965A11A6D35300017F9F2 /* view */ = {
			isa = PBXGroup;
			children = (
				A9B965A21A6D35300017F9F2 /* ChartContentView.h */,
				A9B965A31A6D35300017F9F2 /* ChartContentView.m */,
				A9B965A41A6D35300017F9F2 /* KeyBordVIew.h */,
				A9B965A51A6D35300017F9F2 /* KeyBordVIew.m */,
			);
			path = view;
			sourceTree = "<group>";
		};
		A9B965AD1A6D35820017F9F2 /* images */ = {
			isa = PBXGroup;
			children = (
				A9B965AE1A6D35820017F9F2 /* chat_bg_default.jpg */,
				A9B965AF1A6D35820017F9F2 /* chat_bottom_keyboard_nor.png */,
				A9B965B01A6D35820017F9F2 /* chat_bottom_keyboard_press.png */,
				A9B965B11A6D35820017F9F2 /* chat_bottom_smile_nor.png */,
				A9B965B21A6D35820017F9F2 /* chat_bottom_smile_press.png */,
				A9B965B31A6D35820017F9F2 /* chat_bottom_textfield.png */,
				A9B965B41A6D35820017F9F2 /* chat_bottom_up_nor.png */,
				A9B965B51A6D35820017F9F2 /* chat_bottom_up_press.png */,
				A9B965B61A6D35820017F9F2 /* chat_bottom_voice_nor.png */,
				A9B965B71A6D35820017F9F2 /* chat_bottom_voice_press.png */,
				A9B965B81A6D35820017F9F2 /* chatfrom_bg_focused.png */,
				A9B965B91A6D35820017F9F2 /* chatfrom_bg_normal.png */,
				A9B965BA1A6D35820017F9F2 /* chatto_bg_focused.png */,
				A9B965BB1A6D35820017F9F2 /* chatto_bg_normal.png */,
				A9B965BC1A6D35820017F9F2 /* icon01.jpg */,
				A9B965BD1A6D35820017F9F2 /* icon02.jpg */,
				A9B965BE1A6D35820017F9F2 /* toolbar_bottom_bar.png */,
			);
			path = images;
			sourceTree = "<group>";
		};
/* End PBXGroup section */

/* Begin PBXNativeTarget section */
		A97429A61A68C81C00732735 /* ASHMessageTableViewDemo */ = {
			isa = PBXNativeTarget;
			buildConfigurationList = A97429CA1A68C81C00732735 /* Build configuration list for PBXNativeTarget "ASHMessageTableViewDemo" */;
			buildPhases = (
				A97429A31A68C81C00732735 /* Sources */,
				A97429A41A68C81C00732735 /* Frameworks */,
				A97429A51A68C81C00732735 /* Resources */,
			);
			buildRules = (
			);
			dependencies = (
			);
			name = ASHMessageTableViewDemo;
			productName = ASHMessageTableViewDemo;
			productReference = A97429A71A68C81C00732735 /* ASHMessageTableViewDemo.app */;
			productType = "com.apple.product-type.application";
		};
		A97429BF1A68C81C00732735 /* ASHMessageTableViewDemoTests */ = {
			isa = PBXNativeTarget;
			buildConfigurationList = A97429CD1A68C81C00732735 /* Build configuration list for PBXNativeTarget "ASHMessageTableViewDemoTests" */;
			buildPhases = (
				A97429BC1A68C81C00732735 /* Sources */,
				A97429BD1A68C81C00732735 /* Frameworks */,
				A97429BE1A68C81C00732735 /* Resources */,
			);
			buildRules = (
			);
			dependencies = (
				A97429C21A68C81C00732735 /* PBXTargetDependency */,
			);
			name = ASHMessageTableViewDemoTests;
			productName = ASHMessageTableViewDemoTests;
			productReference = A97429C01A68C81C00732735 /* ASHMessageTableViewDemoTests.xctest */;
			productType = "com.apple.product-type.bundle.unit-test";
		};
/* End PBXNativeTarget section */

/* Begin PBXProject section */
		A974299F1A68C81B00732735 /* Project object */ = {
			isa = PBXProject;
			attributes = {
				LastUpgradeCheck = 0610;
				ORGANIZATIONNAME = ash;
				TargetAttributes = {
					A97429A61A68C81C00732735 = {
						CreatedOnToolsVersion = 6.1.1;
					};
					A97429BF1A68C81C00732735 = {
						CreatedOnToolsVersion = 6.1.1;
						TestTargetID = A97429A61A68C81C00732735;
					};
				};
			};
			buildConfigurationList = A97429A21A68C81C00732735 /* Build configuration list for PBXProject "ASHMessageTableViewDemo" */;
			compatibilityVersion = "Xcode 3.2";
			developmentRegion = English;
			hasScannedForEncodings = 0;
			knownRegions = (
				en,
				Base,
			);
			mainGroup = A974299E1A68C81B00732735;
			productRefGroup = A97429A81A68C81C00732735 /* Products */;
			projectDirPath = "";
			projectRoot = "";
			targets = (
				A97429A61A68C81C00732735 /* ASHMessageTableViewDemo */,
				A97429BF1A68C81C00732735 /* ASHMessageTableViewDemoTests */,
			);
		};
/* End PBXProject section */

/* Begin PBXResourcesBuildPhase section */
		A97429A51A68C81C00732735 /* Resources */ = {
			isa = PBXResourcesBuildPhase;
			buildActionMask = 2147483647;
			files = (
				A97429B61A68C81C00732735 /* Main.storyboard in Resources */,
				A97429BB1A68C81C00732735 /* LaunchScreen.xib in Resources */,
				A9B965CF1A6D35820017F9F2 /* icon02.jpg in Resources */,
				A9B965CB1A6D35820017F9F2 /* chatfrom_bg_normal.png in Resources */,
				A9B965D01A6D35820017F9F2 /* toolbar_bottom_bar.png in Resources */,
				A9B965C51A6D35820017F9F2 /* chat_bottom_textfield.png in Resources */,
				A9B965C81A6D35820017F9F2 /* chat_bottom_voice_nor.png in Resources */,
				A9B965CA1A6D35820017F9F2 /* chatfrom_bg_focused.png in Resources */,
				A9B965C61A6D35820017F9F2 /* chat_bottom_up_nor.png in Resources */,
				A9B965C01A6D35820017F9F2 /* chat_bg_default.jpg in Resources */,
				A9B965C21A6D35820017F9F2 /* chat_bottom_keyboard_press.png in Resources */,
				A9B965D11A6D35820017F9F2 /* messages.plist in Resources */,
				A97429B81A68C81C00732735 /* Images.xcassets in Resources */,
				A9B965C91A6D35820017F9F2 /* chat_bottom_voice_press.png in Resources */,
				A9B965CD1A6D35820017F9F2 /* chatto_bg_normal.png in Resources */,
				A9B965CC1A6D35820017F9F2 /* chatto_bg_focused.png in Resources */,
				A9B965CE1A6D35820017F9F2 /* icon01.jpg in Resources */,
				A9B965C31A6D35820017F9F2 /* chat_bottom_smile_nor.png in Resources */,
				A9B965C11A6D35820017F9F2 /* chat_bottom_keyboard_nor.png in Resources */,
				A9B965C71A6D35820017F9F2 /* chat_bottom_up_press.png in Resources */,
				A9B965C41A6D35820017F9F2 /* chat_bottom_smile_press.png in Resources */,
			);
			runOnlyForDeploymentPostprocessing = 0;
		};
		A97429BE1A68C81C00732735 /* Resources */ = {
			isa = PBXResourcesBuildPhase;
			buildActionMask = 2147483647;
			files = (
			);
			runOnlyForDeploymentPostprocessing = 0;
		};
/* End PBXResourcesBuildPhase section */

/* Begin PBXSourcesBuildPhase section */
		A97429A31A68C81C00732735 /* Sources */ = {
			isa = PBXSourcesBuildPhase;
			buildActionMask = 2147483647;
			files = (
				A9B965A91A6D35300017F9F2 /* ChartCellFrame.m in Sources */,
				A9B965A61A6D35300017F9F2 /* NSString+DocumentPath.m in Sources */,
				A9B965AC1A6D35300017F9F2 /* KeyBordVIew.m in Sources */,
				A97429B31A68C81C00732735 /* ViewController.m in Sources */,
				A9B965551A6D307B0017F9F2 /* MessageTableView.m in Sources */,
				A97429B01A68C81C00732735 /* AppDelegate.m in Sources */,
				A9B965A81A6D35300017F9F2 /* ChartCell.m in Sources */,
				A9B965AA1A6D35300017F9F2 /* ChartMessage.m in Sources */,
				A9B965AB1A6D35300017F9F2 /* ChartContentView.m in Sources */,
				A97429AD1A68C81C00732735 /* main.m in Sources */,
				A9B965A71A6D35300017F9F2 /* UIImage+StrethImage.m in Sources */,
			);
			runOnlyForDeploymentPostprocessing = 0;
		};
		A97429BC1A68C81C00732735 /* Sources */ = {
			isa = PBXSourcesBuildPhase;
			buildActionMask = 2147483647;
			files = (
				A97429C71A68C81C00732735 /* ASHMessageTableViewDemoTests.m in Sources */,
			);
			runOnlyForDeploymentPostprocessing = 0;
		};
/* End PBXSourcesBuildPhase section */

/* Begin PBXTargetDependency section */
		A97429C21A68C81C00732735 /* PBXTargetDependency */ = {
			isa = PBXTargetDependency;
			target = A97429A61A68C81C00732735 /* ASHMessageTableViewDemo */;
			targetProxy = A97429C11A68C81C00732735 /* PBXContainerItemProxy */;
		};
/* End PBXTargetDependency section */

/* Begin PBXVariantGroup section */
		A97429B41A68C81C00732735 /* Main.storyboard */ = {
			isa = PBXVariantGroup;
			children = (
				A97429B51A68C81C00732735 /* Base */,
			);
			name = Main.storyboard;
			sourceTree = "<group>";
		};
		A97429B91A68C81C00732735 /* LaunchScreen.xib */ = {
			isa = PBXVariantGroup;
			children = (
				A97429BA1A68C81C00732735 /* Base */,
			);
			name = LaunchScreen.xib;
			sourceTree = "<group>";
		};
/* End PBXVariantGroup section */

/* Begin XCBuildConfiguration section */
		A97429C81A68C81C00732735 /* Debug */ = {
			isa = XCBuildConfiguration;
			buildSettings = {
				ALWAYS_SEARCH_USER_PATHS = NO;
				CLANG_CXX_LANGUAGE_STANDARD = "gnu++0x";
				CLANG_CXX_LIBRARY = "libc++";
				CLANG_ENABLE_MODULES = YES;
				CLANG_ENABLE_OBJC_ARC = YES;
				CLANG_WARN_BOOL_CONVERSION = YES;
				CLANG_WARN_CONSTANT_CONVERSION = YES;
				CLANG_WARN_DIRECT_OBJC_ISA_USAGE = YES_ERROR;
				CLANG_WARN_EMPTY_BODY = YES;
				CLANG_WARN_ENUM_CONVERSION = YES;
				CLANG_WARN_INT_CONVERSION = YES;
				CLANG_WARN_OBJC_ROOT_CLASS = YES_ERROR;
				CLANG_WARN_UNREACHABLE_CODE = YES;
				CLANG_WARN__DUPLICATE_METHOD_MATCH = YES;
				"CODE_SIGN_IDENTITY[sdk=iphoneos*]" = "iPhone Developer";
				COPY_PHASE_STRIP = NO;
				ENABLE_STRICT_OBJC_MSGSEND = YES;
				GCC_C_LANGUAGE_STANDARD = gnu99;
				GCC_DYNAMIC_NO_PIC = NO;
				GCC_OPTIMIZATION_LEVEL = 0;
				GCC_PREPROCESSOR_DEFINITIONS = (
					"DEBUG=1",
					"$(inherited)",
				);
				GCC_SYMBOLS_PRIVATE_EXTERN = NO;
				GCC_WARN_64_TO_32_BIT_CONVERSION = YES;
				GCC_WARN_ABOUT_RETURN_TYPE = YES_ERROR;
				GCC_WARN_UNDECLARED_SELECTOR = YES;
				GCC_WARN_UNINITIALIZED_AUTOS = YES_AGGRESSIVE;
				GCC_WARN_UNUSED_FUNCTION = YES;
				GCC_WARN_UNUSED_VARIABLE = YES;
				IPHONEOS_DEPLOYMENT_TARGET = 8.1;
				MTL_ENABLE_DEBUG_INFO = YES;
				ONLY_ACTIVE_ARCH = YES;
				SDKROOT = iphoneos;
			};
			name = Debug;
		};
		A97429C91A68C81C00732735 /* Release */ = {
			isa = XCBuildConfiguration;
			buildSettings = {
				ALWAYS_SEARCH_USER_PATHS = NO;
				CLANG_CXX_LANGUAGE_STANDARD = "gnu++0x";
				CLANG_CXX_LIBRARY = "libc++";
				CLANG_ENABLE_MODULES = YES;
				CLANG_ENABLE_OBJC_ARC = YES;
				CLANG_WARN_BOOL_CONVERSION = YES;
				CLANG_WARN_CONSTANT_CONVERSION = YES;
				CLANG_WARN_DIRECT_OBJC_ISA_USAGE = YES_ERROR;
				CLANG_WARN_EMPTY_BODY = YES;
				CLANG_WARN_ENUM_CONVERSION = YES;
				CLANG_WARN_INT_CONVERSION = YES;
				CLANG_WARN_OBJC_ROOT_CLASS = YES_ERROR;
				CLANG_WARN_UNREACHABLE_CODE = YES;
				CLANG_WARN__DUPLICATE_METHOD_MATCH = YES;
				"CODE_SIGN_IDENTITY[sdk=iphoneos*]" = "iPhone Developer";
				COPY_PHASE_STRIP = YES;
				ENABLE_NS_ASSERTIONS = NO;
				ENABLE_STRICT_OBJC_MSGSEND = YES;
				GCC_C_LANGUAGE_STANDARD = gnu99;
				GCC_WARN_64_TO_32_BIT_CONVERSION = YES;
				GCC_WARN_ABOUT_RETURN_TYPE = YES_ERROR;
				GCC_WARN_UNDECLARED_SELECTOR = YES;
				GCC_WARN_UNINITIALIZED_AUTOS = YES_AGGRESSIVE;
				GCC_WARN_UNUSED_FUNCTION = YES;
				GCC_WARN_UNUSED_VARIABLE = YES;
				IPHONEOS_DEPLOYMENT_TARGET = 8.1;
				MTL_ENABLE_DEBUG_INFO = NO;
				SDKROOT = iphoneos;
				VALIDATE_PRODUCT = YES;
			};
			name = Release;
		};
		A97429CB1A68C81C00732735 /* Debug */ = {
			isa = XCBuildConfiguration;
			buildSettings = {
				ASSETCATALOG_COMPILER_APPICON_NAME = AppIcon;
				GCC_PREFIX_HEADER = "ASHMessageTableViewDemo/ASHMessageTableViewDemo-Prefix.pch";
				INFOPLIST_FILE = ASHMessageTableViewDemo/Info.plist;
				LD_RUNPATH_SEARCH_PATHS = "$(inherited) @executable_path/Frameworks";
				PRODUCT_NAME = "$(TARGET_NAME)";
			};
			name = Debug;
		};
		A97429CC1A68C81C00732735 /* Release */ = {
			isa = XCBuildConfiguration;
			buildSettings = {
				ASSETCATALOG_COMPILER_APPICON_NAME = AppIcon;
				GCC_PREFIX_HEADER = "ASHMessageTableViewDemo/ASHMessageTableViewDemo-Prefix.pch";
				INFOPLIST_FILE = ASHMessageTableViewDemo/Info.plist;
				LD_RUNPATH_SEARCH_PATHS = "$(inherited) @executable_path/Frameworks";
				PRODUCT_NAME = "$(TARGET_NAME)";
			};
			name = Release;
		};
		A97429CE1A68C81C00732735 /* Debug */ = {
			isa = XCBuildConfiguration;
			buildSettings = {
				BUNDLE_LOADER = "$(TEST_HOST)";
				FRAMEWORK_SEARCH_PATHS = (
					"$(SDKROOT)/Developer/Library/Frameworks",
					"$(inherited)",
				);
				GCC_PREPROCESSOR_DEFINITIONS = (
					"DEBUG=1",
					"$(inherited)",
				);
				INFOPLIST_FILE = ASHMessageTableViewDemoTests/Info.plist;
				LD_RUNPATH_SEARCH_PATHS = "$(inherited) @executable_path/Frameworks @loader_path/Frameworks";
				PRODUCT_NAME = "$(TARGET_NAME)";
				TEST_HOST = "$(BUILT_PRODUCTS_DIR)/ASHMessageTableViewDemo.app/ASHMessageTableViewDemo";
			};
			name = Debug;
		};
		A97429CF1A68C81C00732735 /* Release */ = {
			isa = XCBuildConfiguration;
			buildSettings = {
				BUNDLE_LOADER = "$(TEST_HOST)";
				FRAMEWORK_SEARCH_PATHS = (
					"$(SDKROOT)/Developer/Library/Frameworks",
					"$(inherited)",
				);
				INFOPLIST_FILE = ASHMessageTableViewDemoTests/Info.plist;
				LD_RUNPATH_SEARCH_PATHS = "$(inherited) @executable_path/Frameworks @loader_path/Frameworks";
				PRODUCT_NAME = "$(TARGET_NAME)";
				TEST_HOST = "$(BUILT_PRODUCTS_DIR)/ASHMessageTableViewDemo.app/ASHMessageTableViewDemo";
			};
			name = Release;
		};
/* End XCBuildConfiguration section */

/* Begin XCConfigurationList section */
		A97429A21A68C81C00732735 /* Build configuration list for PBXProject "ASHMessageTableViewDemo" */ = {
			isa = XCConfigurationList;
			buildConfigurations = (
				A97429C81A68C81C00732735 /* Debug */,
				A97429C91A68C81C00732735 /* Release */,
			);
			defaultConfigurationIsVisible = 0;
			defaultConfigurationName = Release;
		};
		A97429CA1A68C81C00732735 /* Build configuration list for PBXNativeTarget "ASHMessageTableViewDemo" */ = {
			isa = XCConfigurationList;
			buildConfigurations = (
				A97429CB1A68C81C00732735 /* Debug */,
				A97429CC1A68C81C00732735 /* Release */,
			);
			defaultConfigurationIsVisible = 0;
			defaultConfigurationName = Release;
		};
		A97429CD1A68C81C00732735 /* Build configuration list for PBXNativeTarget "ASHMessageTableViewDemoTests" */ = {
			isa = XCConfigurationList;
			buildConfigurations = (
				A97429CE1A68C81C00732735 /* Debug */,
				A97429CF1A68C81C00732735 /* Release */,
			);
			defaultConfigurationIsVisible = 0;
			defaultConfigurationName = Release;
		};
/* End XCConfigurationList section */
	};
	rootObject = A974299F1A68C81B00732735 /* Project object */;
}
